<?xml version="1.0" encoding="UTF-8"?>
<Scheme
   version = "1.3">
   <BuildAction
      parallelizeBuildables = "YES"
      buildImplicitDependencies = "YES">
      <BuildActionEntries>
         <BuildActionEntry
            buildForTesting = "YES"
            buildForRunning = "YES"
            buildForProfiling = "YES"
            buildForArchiving = "YES"
            buildForAnalyzing = "YES">
            <BuildableReference
               BuildableIdentifier = "primary"
               BlueprintIdentifier = "6EC2088D18EC8DCA006AE8D0"
               BuildableName = "lunchLunchTests.xctest"
               BlueprintName = "lunchLunchTests"
               ReferencedContainer = "container:lunchLunch.xcodeproj">
            </BuildableReference>
         </BuildActionEntry>
      </BuildActionEntries>
   </BuildAction>
   <TestAction
      selectedDebuggerIdentifier = "Xcode.DebuggerFoundation.Debugger.LLDB"
      selectedLauncherIdentifier = "Xcode.DebuggerFoundation.Launcher.LLDB"
      shouldUseLaunchSchemeArgsEnv = "YES"
      buildConfiguration = "Debug">
      <Testables>
         <TestableReference
            skipped = "NO">
            <BuildableReference
               BuildableIdentifier = "primary"
               BlueprintIdentifier = "6EC2088D18EC8DCA006AE8D0"
               BuildableName = "lunchLunchTests.xctest"
               BlueprintName = "lunchLunchTests"
               ReferencedContainer = "container:lunchLunch.xcodeproj">
            </BuildableReference>
            <SkippedTests>
               <Test
                  Identifier = "AlertBuilderTest">
               </Test>
               <Test
                  Identifier = "BuddyDetailViewControllerTest">
               </Test>
               <Test
                  Identifier = "BuddyFinderFactoryTest">
               </Test>
               <Test
                  Identifier = "BuddyFinderTest">
               </Test>
               <Test
                  Identifier = "CommandDispatcherTest">
               </Test>
               <Test
                  Identifier = "ConnectionFactoryTest">
               </Test>
               <Test
                  Identifier = "DetailViewControllerTest">
               </Test>
               <Test
                  Identifier = "DisplayHandlerFactoryTest">
               </Test>
               <Test
                  Identifier = "DisplayHandlerTest">
               </Test>
               <Test
                  Identifier = "FoundBuddyViewControllerTest">
               </Test>
               <Test
                  Identifier = "LocationTest">
               </Test>
               <Test
                  Identifier = "LoginProviderFactoryTest">
               </Test>
               <Test
                  Identifier = "LoginProviderTest">
               </Test>
               <Test
                  Identifier = "LoginViewControllerTest">
               </Test>
               <Test
                  Identifier = "LunchCreatorFactoryTest">
               </Test>
               <Test
                  Identifier = "LunchCreatorTest">
               </Test>
               <Test
                  Identifier = "LunchParserTest">
               </Test>
               <Test
                  Identifier = "LunchProviderFactoryTest">
               </Test>
               <Test
                  Identifier = "LunchProviderTest">
               </Test>
               <Test
                  Identifier = "LunchTest">
               </Test>
               <Test
                  Identifier = "MainViewControllerTest">
               </Test>
               <Test
                  Identifier = "NullLocationTest">
               </Test>
               <Test
                  Identifier = "NullPersonTest">
               </Test>
               <Test
                  Identifier = "PersonParserTest">
               </Test>
               <Test
                  Identifier = "PersonTest">
               </Test>
               <Test
                  Identifier = "SegueCommandTest">
               </Test>
            </SkippedTests>
         </TestableReference>
      </Testables>
   </TestAction>
   <LaunchAction
      selectedDebuggerIdentifier = "Xcode.DebuggerFoundation.Debugger.LLDB"
      selectedLauncherIdentifier = "Xcode.DebuggerFoundation.Launcher.LLDB"
      launchStyle = "0"
      useCustomWorkingDirectory = "NO"
      buildConfiguration = "Debug"
      ignoresPersistentStateOnLaunch = "NO"
      debugDocumentVersioning = "YES"
      allowLocationSimulation = "YES">
      <AdditionalOptions>
      </AdditionalOptions>
   </LaunchAction>
   <ProfileAction
      shouldUseLaunchSchemeArgsEnv = "YES"
      savedToolIdentifier = ""
      useCustomWorkingDirectory = "NO"
      buildConfiguration = "Release"
      debugDocumentVersioning = "YES">
   </ProfileAction>
   <AnalyzeAction
      buildConfiguration = "Debug">
   </AnalyzeAction>
   <ArchiveAction
      buildConfiguration = "Release"
      revealArchiveInOrganizer = "YES">
   </ArchiveAction>
</Scheme>
