// !$*UTF8*$!
{
	archiveVersion = 1;
	classes = {
	};
	objectVersion = 46;
	objects = {

/* Begin PBXBuildFile section */
		3E8E2006A8818CEFA54CC768 /* ConnectionFactory.m in Sources */ = {isa = PBXBuildFile; fileRef = 3E8E2FED48E9552B87F5CA46 /* ConnectionFactory.m */; };
		3E8E20BC94A1E577BA67DC92 /* MockLunchRetriever.m in Sources */ = {isa = PBXBuildFile; fileRef = 3E8E22BF126EE3C9DC460037 /* MockLunchRetriever.m */; };
		3E8E2137B90E20D102CA0687 /* LoginProvider.m in Sources */ = {isa = PBXBuildFile; fileRef = 3E8E2DBB033874802C4CF707 /* LoginProvider.m */; };
		3E8E2154CF059B455A55E241 /* DetailViewController.m in Sources */ = {isa = PBXBuildFile; fileRef = 3E8E257B361FA961D89184FF /* DetailViewController.m */; };
		3E8E21F57B145933D3FB034D /* NullPersonTest.m in Sources */ = {isa = PBXBuildFile; fileRef = 3E8E29B9E4FB351A62D94D18 /* NullPersonTest.m */; };
		3E8E2216E205D30FD950498C /* MainViewControllerTest.m in Sources */ = {isa = PBXBuildFile; fileRef = 3E8E2AFE2CF2B37C8C99A202 /* MainViewControllerTest.m */; };
		3E8E2276E63E504E73EA9C69 /* PersonParserTest.m in Sources */ = {isa = PBXBuildFile; fileRef = 3E8E2F4EFF39648922573E53 /* PersonParserTest.m */; };
		3E8E22C84AFC6CC9FD63A27F /* Person.m in Sources */ = {isa = PBXBuildFile; fileRef = 3E8E2DF80DF05B7B237C8556 /* Person.m */; };
		3E8E22F16AD4BE522B24EFE2 /* MockViewController.m in Sources */ = {isa = PBXBuildFile; fileRef = 3E8E2DC0553BD411332F64CE /* MockViewController.m */; };
		3E8E23974611684FAF6566CA /* PersonTest.m in Sources */ = {isa = PBXBuildFile; fileRef = 3E8E221E03D3E5872AD2058F /* PersonTest.m */; };
		3E8E23AA7897B56087C35255 /* CommandDispatcherTest.m in Sources */ = {isa = PBXBuildFile; fileRef = 3E8E24D591465E8F89A95A85 /* CommandDispatcherTest.m */; };
		3E8E23B9F1AA56CBA7BB90C9 /* MockPersonReceiver.m in Sources */ = {isa = PBXBuildFile; fileRef = 3E8E2B5FCA69E8CFF16EBA8A /* MockPersonReceiver.m */; };
		3E8E241BEC2F8F1A39E3B81D /* NullPerson.m in Sources */ = {isa = PBXBuildFile; fileRef = 3E8E219619F52A2612AD9F87 /* NullPerson.m */; };
		3E8E24556003745FFD2A5653 /* LunchRetrieverTest.m in Sources */ = {isa = PBXBuildFile; fileRef = 3E8E293F444A3199606FC055 /* LunchRetrieverTest.m */; };
		3E8E246A10FB5515C6F4E14E /* MockCommand.m in Sources */ = {isa = PBXBuildFile; fileRef = 3E8E2DD89CFA03A2CE018D08 /* MockCommand.m */; };
		3E8E246B72CD21EC011195A0 /* LoginViewController.m in Sources */ = {isa = PBXBuildFile; fileRef = 3E8E20B3B5C68DDD476E554E /* LoginViewController.m */; };
		3E8E2471F3ACDBF98AB0266B /* MainViewController.m in Sources */ = {isa = PBXBuildFile; fileRef = 3E8E2E4A623AEE408A6B03C3 /* MainViewController.m */; };
		3E8E24BD00350EC3EAB7B4DB /* SwizzleHelper.m in Sources */ = {isa = PBXBuildFile; fileRef = 3E8E24126DA005013B1A9513 /* SwizzleHelper.m */; };
		3E8E251BEF8270BC32398C25 /* LunchProvider.m in Sources */ = {isa = PBXBuildFile; fileRef = 3E8E22EE9BA9BC7ED2ECBD18 /* LunchProvider.m */; };
		3E8E253C20B3F28946335AE7 /* MockUITextField.m in Sources */ = {isa = PBXBuildFile; fileRef = 3E8E244797E4B93F5D1E8359 /* MockUITextField.m */; };
		3E8E253F57F23388DCE4A94A /* MockPersonParser.m in Sources */ = {isa = PBXBuildFile; fileRef = 3E8E244AE771D5E4DE3EFBC7 /* MockPersonParser.m */; };
		3E8E2553B5BD0C57D12F1A3F /* MockConnectionFactory.m in Sources */ = {isa = PBXBuildFile; fileRef = 3E8E28E2206FFDE5B7F9F5AA /* MockConnectionFactory.m */; };
		3E8E2619A28DEDFA729E5C87 /* MockNSURLConnectionDelegate.m in Sources */ = {isa = PBXBuildFile; fileRef = 3E8E21E653C688EF6186DA7B /* MockNSURLConnectionDelegate.m */; };
		3E8E2637820D8C240B936E83 /* LoginProviderTest.m in Sources */ = {isa = PBXBuildFile; fileRef = 3E8E278137CB4929C913518A /* LoginProviderTest.m */; };
		3E8E26CDA2FCDE8A6F6D26FE /* LoginProviderFactory.m in Sources */ = {isa = PBXBuildFile; fileRef = 3E8E238E88F696696D104B83 /* LoginProviderFactory.m */; };
		3E8E286FDDAC11AC4EFE9D9D /* CommandDispatcher.m in Sources */ = {isa = PBXBuildFile; fileRef = 3E8E28ADFB1BEC341E8FD727 /* CommandDispatcher.m */; };
		3E8E28B8EF7D9AA42B34C2D8 /* main.m in Sources */ = {isa = PBXBuildFile; fileRef = 3E8E2643EFA8E5B1BB9FCC67 /* main.m */; };
		3E8E28D8B62ED575E2BF8536 /* MainStoryBoard.storyboard in Resources */ = {isa = PBXBuildFile; fileRef = 3E8E2A9765FC6EE0287CD4E0 /* MainStoryBoard.storyboard */; };
		3E8E299FC071B5AA6C528B7B /* Images.xcassets in Resources */ = {isa = PBXBuildFile; fileRef = 3E8E231B14950F8E1308D985 /* Images.xcassets */; };
		3E8E29A1A6E3AB41D5697496 /* MockLoginProvider.m in Sources */ = {isa = PBXBuildFile; fileRef = 3E8E269EC2F3765776C2ABB8 /* MockLoginProvider.m */; };
		3E8E2A0E2D5CF5ED43911793 /* InfoPlist.strings in Resources */ = {isa = PBXBuildFile; fileRef = 3E8E20D8702A8B20CF54307B /* InfoPlist.strings */; };
		3E8E2A39D6B8C008066DDC83 /* DetailViewControllerTest.m in Sources */ = {isa = PBXBuildFile; fileRef = 3E8E250563F8414B3C57641F /* DetailViewControllerTest.m */; };
		3E8E2A663E5073B3B64DA3AB /* MockUITableView.m in Sources */ = {isa = PBXBuildFile; fileRef = 3E8E247D2B6653D670634924 /* MockUITableView.m */; };
		3E8E2B2E5FE20798C1BB91CF /* SegueCommand.m in Sources */ = {isa = PBXBuildFile; fileRef = 3E8E2F1F605AB82C161009CA /* SegueCommand.m */; };
		3E8E2B36BAD72A4068C3AD59 /* DetailsTableViewControllerTest.m in Sources */ = {isa = PBXBuildFile; fileRef = 3E8E2BF3088C01303147FB91 /* DetailsTableViewControllerTest.m */; };
		3E8E2B90F6D8332B7F03D66F /* LunchRetriever.m in Sources */ = {isa = PBXBuildFile; fileRef = 3E8E2D72B578026F3D575508 /* LunchRetriever.m */; };
		3E8E2BA08D3651BB23689CE1 /* LoginProviderFactoryTest.m in Sources */ = {isa = PBXBuildFile; fileRef = 3E8E2F20A32A59EB7498EB1A /* LoginProviderFactoryTest.m */; };
		3E8E2BA6F9B3EC6354FC1D5B /* PersonParser.m in Sources */ = {isa = PBXBuildFile; fileRef = 3E8E2748909A06C3B402A732 /* PersonParser.m */; };
		3E8E2C0352CC8BBB3C5F51D3 /* LunchTest.m in Sources */ = {isa = PBXBuildFile; fileRef = 3E8E244ED1CD15C41A555AD9 /* LunchTest.m */; };
		3E8E2C2B8FAA8DBA6CB96DB2 /* AppDelegate.m in Sources */ = {isa = PBXBuildFile; fileRef = 3E8E2B689E4C81823C990893 /* AppDelegate.m */; };
		3E8E2C5E8B68F2DA9A96CB25 /* LoginProviderFactoryTestHelper.m in Sources */ = {isa = PBXBuildFile; fileRef = 3E8E2BC98D748A2ADAB71CE7 /* LoginProviderFactoryTestHelper.m */; };
		3E8E2CCB36339CE7B3DF9C12 /* SegueCommandTest.m in Sources */ = {isa = PBXBuildFile; fileRef = 3E8E27D673C049589AB1B953 /* SegueCommandTest.m */; };
		3E8E2DB8DB191CF54C7854B4 /* DetailsTableViewController.m in Sources */ = {isa = PBXBuildFile; fileRef = 3E8E2D58BEC4E9B4752BAECB /* DetailsTableViewController.m */; };
		3E8E2E528EA29BA1DEB685A7 /* LunchProviderTest.m in Sources */ = {isa = PBXBuildFile; fileRef = 3E8E2F8966287F3D92248930 /* LunchProviderTest.m */; };
		3E8E2E996FE6CED461919661 /* Lunch.m in Sources */ = {isa = PBXBuildFile; fileRef = 3E8E2229D50D684C40BC9CE7 /* Lunch.m */; };
		3E8E2EE841F4E08A2587D57A /* LoginViewControllerTest.m in Sources */ = {isa = PBXBuildFile; fileRef = 3E8E2ED869C8C74BE73E6378 /* LoginViewControllerTest.m */; };
		3E8E2F2DBDADA1EC63C8B7CC /* CommandDispatcherTestHelper.m in Sources */ = {isa = PBXBuildFile; fileRef = 3E8E2A469E706BD46BC57EBA /* CommandDispatcherTestHelper.m */; };
		3E8E2F4217870B872BEE0331 /* ConnectionFactoryTest.m in Sources */ = {isa = PBXBuildFile; fileRef = 3E8E2B5DAFF99B8B3DA7B674 /* ConnectionFactoryTest.m */; };
		3E8E2F455DE1FC2F31F9A4FE /* MockView.m in Sources */ = {isa = PBXBuildFile; fileRef = 3E8E2400BE2ECB069402E436 /* MockView.m */; };
		3E8E2F6859299E54DC685DA1 /* LunchProviderTestHelper.m in Sources */ = {isa = PBXBuildFile; fileRef = 3E8E224D2E9577EC929C8AF5 /* LunchProviderTestHelper.m */; };
		6EC2087718EC8DCA006AE8D0 /* Foundation.framework in Frameworks */ = {isa = PBXBuildFile; fileRef = 6EC2087618EC8DCA006AE8D0 /* Foundation.framework */; };
		6EC2087918EC8DCA006AE8D0 /* CoreGraphics.framework in Frameworks */ = {isa = PBXBuildFile; fileRef = 6EC2087818EC8DCA006AE8D0 /* CoreGraphics.framework */; };
		6EC2087B18EC8DCA006AE8D0 /* UIKit.framework in Frameworks */ = {isa = PBXBuildFile; fileRef = 6EC2087A18EC8DCA006AE8D0 /* UIKit.framework */; };
		6EC2089018EC8DCA006AE8D0 /* XCTest.framework in Frameworks */ = {isa = PBXBuildFile; fileRef = 6EC2088F18EC8DCA006AE8D0 /* XCTest.framework */; };
		6EC2089118EC8DCA006AE8D0 /* Foundation.framework in Frameworks */ = {isa = PBXBuildFile; fileRef = 6EC2087618EC8DCA006AE8D0 /* Foundation.framework */; };
		6EC2089218EC8DCA006AE8D0 /* UIKit.framework in Frameworks */ = {isa = PBXBuildFile; fileRef = 6EC2087A18EC8DCA006AE8D0 /* UIKit.framework */; };
		6EC2089A18EC8DCA006AE8D0 /* InfoPlist.strings in Resources */ = {isa = PBXBuildFile; fileRef = 6EC2089818EC8DCA006AE8D0 /* InfoPlist.strings */; };
/* End PBXBuildFile section */

/* Begin PBXContainerItemProxy section */
		6EC2089318EC8DCA006AE8D0 /* PBXContainerItemProxy */ = {
			isa = PBXContainerItemProxy;
			containerPortal = 6EC2086B18EC8DCA006AE8D0 /* Project object */;
			proxyType = 1;
			remoteGlobalIDString = 6EC2087218EC8DCA006AE8D0;
			remoteInfo = lunchLunch;
		};
/* End PBXContainerItemProxy section */

/* Begin PBXFileReference section */
		3E8E204E33B8C29A89427C24 /* lunchLunch-Prefix.pch */ = {isa = PBXFileReference; fileEncoding = 4; lastKnownFileType = sourcecode.c.h; path = "lunchLunch-Prefix.pch"; sourceTree = "<group>"; };
		3E8E2086357D7CE5DB3171F0 /* MockView.h */ = {isa = PBXFileReference; fileEncoding = 4; lastKnownFileType = sourcecode.c.h; path = MockView.h; sourceTree = "<group>"; };
		3E8E20889179670D1293B463 /* MockUITableView.h */ = {isa = PBXFileReference; fileEncoding = 4; lastKnownFileType = sourcecode.c.h; path = MockUITableView.h; sourceTree = "<group>"; };
		3E8E2091EA8D30E0B9C056F3 /* SegueCommand.h */ = {isa = PBXFileReference; fileEncoding = 4; lastKnownFileType = sourcecode.c.h; path = SegueCommand.h; sourceTree = "<group>"; };
		3E8E20B3B5C68DDD476E554E /* LoginViewController.m */ = {isa = PBXFileReference; fileEncoding = 4; lastKnownFileType = sourcecode.c.objc; path = LoginViewController.m; sourceTree = "<group>"; };
		3E8E214C5873869B209F07A7 /* MockPersonReceiver.h */ = {isa = PBXFileReference; fileEncoding = 4; lastKnownFileType = sourcecode.c.h; path = MockPersonReceiver.h; sourceTree = "<group>"; };
		3E8E219619F52A2612AD9F87 /* NullPerson.m */ = {isa = PBXFileReference; fileEncoding = 4; lastKnownFileType = sourcecode.c.objc; path = NullPerson.m; sourceTree = "<group>"; };
		3E8E21A56A255F634943CB97 /* MockConnectionFactory.h */ = {isa = PBXFileReference; fileEncoding = 4; lastKnownFileType = sourcecode.c.h; path = MockConnectionFactory.h; sourceTree = "<group>"; };
		3E8E21E653C688EF6186DA7B /* MockNSURLConnectionDelegate.m */ = {isa = PBXFileReference; fileEncoding = 4; lastKnownFileType = sourcecode.c.objc; path = MockNSURLConnectionDelegate.m; sourceTree = "<group>"; };
		3E8E21FB3D74984FF6FCE9DC /* DetailViewController.h */ = {isa = PBXFileReference; fileEncoding = 4; lastKnownFileType = sourcecode.c.h; path = DetailViewController.h; sourceTree = "<group>"; };
		3E8E220BDA700BF4B8BCB4A7 /* LunchProvider.h */ = {isa = PBXFileReference; fileEncoding = 4; lastKnownFileType = sourcecode.c.h; path = LunchProvider.h; sourceTree = "<group>"; };
		3E8E221E03D3E5872AD2058F /* PersonTest.m */ = {isa = PBXFileReference; fileEncoding = 4; lastKnownFileType = sourcecode.c.objc; path = PersonTest.m; sourceTree = "<group>"; };
		3E8E2229D50D684C40BC9CE7 /* Lunch.m */ = {isa = PBXFileReference; fileEncoding = 4; lastKnownFileType = sourcecode.c.objc; path = Lunch.m; sourceTree = "<group>"; };
		3E8E224D2E9577EC929C8AF5 /* LunchProviderTestHelper.m */ = {isa = PBXFileReference; fileEncoding = 4; lastKnownFileType = sourcecode.c.objc; path = LunchProviderTestHelper.m; sourceTree = "<group>"; };
		3E8E22B7B02B3A2B34DF2015 /* CommandDispatcher.h */ = {isa = PBXFileReference; fileEncoding = 4; lastKnownFileType = sourcecode.c.h; path = CommandDispatcher.h; sourceTree = "<group>"; };
		3E8E22BF126EE3C9DC460037 /* MockLunchRetriever.m */ = {isa = PBXFileReference; fileEncoding = 4; lastKnownFileType = sourcecode.c.objc; path = MockLunchRetriever.m; sourceTree = "<group>"; };
		3E8E22EE9BA9BC7ED2ECBD18 /* LunchProvider.m */ = {isa = PBXFileReference; fileEncoding = 4; lastKnownFileType = sourcecode.c.objc; path = LunchProvider.m; sourceTree = "<group>"; };
		3E8E231B14950F8E1308D985 /* Images.xcassets */ = {isa = PBXFileReference; lastKnownFileType = folder.assetcatalog; path = Images.xcassets; sourceTree = "<group>"; };
		3E8E23380364DA32321D2DE2 /* NullPerson.h */ = {isa = PBXFileReference; fileEncoding = 4; lastKnownFileType = sourcecode.c.h; path = NullPerson.h; sourceTree = "<group>"; };
		3E8E238E88F696696D104B83 /* LoginProviderFactory.m */ = {isa = PBXFileReference; fileEncoding = 4; lastKnownFileType = sourcecode.c.objc; path = LoginProviderFactory.m; sourceTree = "<group>"; };
		3E8E23A120D91A482D2319F9 /* LunchProviderTestHelper.h */ = {isa = PBXFileReference; fileEncoding = 4; lastKnownFileType = sourcecode.c.h; path = LunchProviderTestHelper.h; sourceTree = "<group>"; };
		3E8E2400BE2ECB069402E436 /* MockView.m */ = {isa = PBXFileReference; fileEncoding = 4; lastKnownFileType = sourcecode.c.objc; path = MockView.m; sourceTree = "<group>"; };
		3E8E24126DA005013B1A9513 /* SwizzleHelper.m */ = {isa = PBXFileReference; fileEncoding = 4; lastKnownFileType = sourcecode.c.objc; path = SwizzleHelper.m; sourceTree = "<group>"; };
		3E8E244797E4B93F5D1E8359 /* MockUITextField.m */ = {isa = PBXFileReference; fileEncoding = 4; lastKnownFileType = sourcecode.c.objc; path = MockUITextField.m; sourceTree = "<group>"; };
		3E8E2449E797E1F88D40872A /* MockLunchRetriever.h */ = {isa = PBXFileReference; fileEncoding = 4; lastKnownFileType = sourcecode.c.h; path = MockLunchRetriever.h; sourceTree = "<group>"; };
		3E8E244AE771D5E4DE3EFBC7 /* MockPersonParser.m */ = {isa = PBXFileReference; fileEncoding = 4; lastKnownFileType = sourcecode.c.objc; path = MockPersonParser.m; sourceTree = "<group>"; };
		3E8E244ED1CD15C41A555AD9 /* LunchTest.m */ = {isa = PBXFileReference; fileEncoding = 4; lastKnownFileType = sourcecode.c.objc; path = LunchTest.m; sourceTree = "<group>"; };
		3E8E246316B888976EC14612 /* DetailsTableViewController.h */ = {isa = PBXFileReference; fileEncoding = 4; lastKnownFileType = sourcecode.c.h; path = DetailsTableViewController.h; sourceTree = "<group>"; };
		3E8E247AA07565DF08CBCDCE /* lunchLunch-Info.plist */ = {isa = PBXFileReference; fileEncoding = 4; lastKnownFileType = text.plist.info; path = "lunchLunch-Info.plist"; sourceTree = "<group>"; };
		3E8E247D2B6653D670634924 /* MockUITableView.m */ = {isa = PBXFileReference; fileEncoding = 4; lastKnownFileType = sourcecode.c.objc; path = MockUITableView.m; sourceTree = "<group>"; };
		3E8E24D591465E8F89A95A85 /* CommandDispatcherTest.m */ = {isa = PBXFileReference; fileEncoding = 4; lastKnownFileType = sourcecode.c.objc; path = CommandDispatcherTest.m; sourceTree = "<group>"; };
		3E8E250563F8414B3C57641F /* DetailViewControllerTest.m */ = {isa = PBXFileReference; fileEncoding = 4; lastKnownFileType = sourcecode.c.objc; path = DetailViewControllerTest.m; sourceTree = "<group>"; };
		3E8E257B361FA961D89184FF /* DetailViewController.m */ = {isa = PBXFileReference; fileEncoding = 4; lastKnownFileType = sourcecode.c.objc; path = DetailViewController.m; sourceTree = "<group>"; };
		3E8E261EDC50BB533A65B0F3 /* MockLoginProvider.h */ = {isa = PBXFileReference; fileEncoding = 4; lastKnownFileType = sourcecode.c.h; path = MockLoginProvider.h; sourceTree = "<group>"; };
		3E8E263A2477095E74ED33D7 /* MockUITextField.h */ = {isa = PBXFileReference; fileEncoding = 4; lastKnownFileType = sourcecode.c.h; path = MockUITextField.h; sourceTree = "<group>"; };
		3E8E263BFA809A032792D3A7 /* SwizzleHelper.h */ = {isa = PBXFileReference; fileEncoding = 4; lastKnownFileType = sourcecode.c.h; path = SwizzleHelper.h; sourceTree = "<group>"; };
		3E8E2643EFA8E5B1BB9FCC67 /* main.m */ = {isa = PBXFileReference; fileEncoding = 4; lastKnownFileType = sourcecode.c.objc; path = main.m; sourceTree = "<group>"; };
		3E8E269EC2F3765776C2ABB8 /* MockLoginProvider.m */ = {isa = PBXFileReference; fileEncoding = 4; lastKnownFileType = sourcecode.c.objc; path = MockLoginProvider.m; sourceTree = "<group>"; };
		3E8E26D75187B2088A9642EB /* LoginProviderFactory.h */ = {isa = PBXFileReference; fileEncoding = 4; lastKnownFileType = sourcecode.c.h; path = LoginProviderFactory.h; sourceTree = "<group>"; };
		3E8E2729C2D40F6BC90989EF /* MockNSURLConnectionDelegate.h */ = {isa = PBXFileReference; fileEncoding = 4; lastKnownFileType = sourcecode.c.h; path = MockNSURLConnectionDelegate.h; sourceTree = "<group>"; };
		3E8E2748909A06C3B402A732 /* PersonParser.m */ = {isa = PBXFileReference; fileEncoding = 4; lastKnownFileType = sourcecode.c.objc; path = PersonParser.m; sourceTree = "<group>"; };
		3E8E276E2DC6B24FAB578E64 /* PersonParserProtocol.h */ = {isa = PBXFileReference; fileEncoding = 4; lastKnownFileType = sourcecode.c.h; path = PersonParserProtocol.h; sourceTree = "<group>"; };
		3E8E278137CB4929C913518A /* LoginProviderTest.m */ = {isa = PBXFileReference; fileEncoding = 4; lastKnownFileType = sourcecode.c.objc; path = LoginProviderTest.m; sourceTree = "<group>"; };
		3E8E27D673C049589AB1B953 /* SegueCommandTest.m */ = {isa = PBXFileReference; fileEncoding = 4; lastKnownFileType = sourcecode.c.objc; path = SegueCommandTest.m; sourceTree = "<group>"; };
		3E8E27F9023D6F9D52C4AAE4 /* MockCommand.h */ = {isa = PBXFileReference; fileEncoding = 4; lastKnownFileType = sourcecode.c.h; path = MockCommand.h; sourceTree = "<group>"; };
		3E8E28ADFB1BEC341E8FD727 /* CommandDispatcher.m */ = {isa = PBXFileReference; fileEncoding = 4; lastKnownFileType = sourcecode.c.objc; path = CommandDispatcher.m; sourceTree = "<group>"; };
		3E8E28AFAC32A2C115EB4D0B /* MockPersonParser.h */ = {isa = PBXFileReference; fileEncoding = 4; lastKnownFileType = sourcecode.c.h; path = MockPersonParser.h; sourceTree = "<group>"; };
		3E8E28E2206FFDE5B7F9F5AA /* MockConnectionFactory.m */ = {isa = PBXFileReference; fileEncoding = 4; lastKnownFileType = sourcecode.c.objc; path = MockConnectionFactory.m; sourceTree = "<group>"; };
		3E8E293F444A3199606FC055 /* LunchRetrieverTest.m */ = {isa = PBXFileReference; fileEncoding = 4; lastKnownFileType = sourcecode.c.objc; path = LunchRetrieverTest.m; sourceTree = "<group>"; };
		3E8E295BEE86FDB7B86828B2 /* en */ = {isa = PBXFileReference; fileEncoding = 4; lastKnownFileType = text.plist.strings; name = en; path = en.lproj/InfoPlist.strings; sourceTree = "<group>"; };
		3E8E29712CECFE8FA49870FB /* Person.h */ = {isa = PBXFileReference; fileEncoding = 4; lastKnownFileType = sourcecode.c.h; path = Person.h; sourceTree = "<group>"; };
		3E8E2983B5EF1D1D0721C85C /* AppDelegate.h */ = {isa = PBXFileReference; fileEncoding = 4; lastKnownFileType = sourcecode.c.h; path = AppDelegate.h; sourceTree = "<group>"; };
		3E8E29B29B690BAC2BFF83A7 /* MockViewController.h */ = {isa = PBXFileReference; fileEncoding = 4; lastKnownFileType = sourcecode.c.h; path = MockViewController.h; sourceTree = "<group>"; };
		3E8E29B6AFB845218EF5F636 /* LunchRetriever.h */ = {isa = PBXFileReference; fileEncoding = 4; lastKnownFileType = sourcecode.c.h; path = LunchRetriever.h; sourceTree = "<group>"; };
		3E8E29B8830653F1959C8E86 /* Command.h */ = {isa = PBXFileReference; fileEncoding = 4; lastKnownFileType = sourcecode.c.h; path = Command.h; sourceTree = "<group>"; };
		3E8E29B9E4FB351A62D94D18 /* NullPersonTest.m */ = {isa = PBXFileReference; fileEncoding = 4; lastKnownFileType = sourcecode.c.objc; path = NullPersonTest.m; sourceTree = "<group>"; };
		3E8E29D13B7A8C19000B1C7B /* PersonParser.h */ = {isa = PBXFileReference; fileEncoding = 4; lastKnownFileType = sourcecode.c.h; path = PersonParser.h; sourceTree = "<group>"; };
		3E8E29FDC9BF9DFCDC2312DC /* ConnectionFactory.h */ = {isa = PBXFileReference; fileEncoding = 4; lastKnownFileType = sourcecode.c.h; path = ConnectionFactory.h; sourceTree = "<group>"; };
		3E8E2A20FC35E78F2774242F /* LoginProviderProtocol.h */ = {isa = PBXFileReference; fileEncoding = 4; lastKnownFileType = sourcecode.c.h; path = LoginProviderProtocol.h; sourceTree = "<group>"; };
		3E8E2A43DB6D7BC9086DAC71 /* en */ = {isa = PBXFileReference; lastKnownFileType = file.storyboard; name = en; path = en.lproj/MainStoryBoard.storyboard; sourceTree = "<group>"; };
		3E8E2A469E706BD46BC57EBA /* CommandDispatcherTestHelper.m */ = {isa = PBXFileReference; fileEncoding = 4; lastKnownFileType = sourcecode.c.objc; path = CommandDispatcherTestHelper.m; sourceTree = "<group>"; };
		3E8E2A9B1B843F57D432A616 /* PersonReceiverProtocol.h */ = {isa = PBXFileReference; fileEncoding = 4; lastKnownFileType = sourcecode.c.h; path = PersonReceiverProtocol.h; sourceTree = "<group>"; };
		3E8E2AFE2CF2B37C8C99A202 /* MainViewControllerTest.m */ = {isa = PBXFileReference; fileEncoding = 4; lastKnownFileType = sourcecode.c.objc; path = MainViewControllerTest.m; sourceTree = "<group>"; };
		3E8E2B00C13E0B47C6112F59 /* Lunch.h */ = {isa = PBXFileReference; fileEncoding = 4; lastKnownFileType = sourcecode.c.h; path = Lunch.h; sourceTree = "<group>"; };
		3E8E2B128297A23A31883D4B /* MainViewController.h */ = {isa = PBXFileReference; fileEncoding = 4; lastKnownFileType = sourcecode.c.h; path = MainViewController.h; sourceTree = "<group>"; };
		3E8E2B5DAFF99B8B3DA7B674 /* ConnectionFactoryTest.m */ = {isa = PBXFileReference; fileEncoding = 4; lastKnownFileType = sourcecode.c.objc; path = ConnectionFactoryTest.m; sourceTree = "<group>"; };
		3E8E2B5FCA69E8CFF16EBA8A /* MockPersonReceiver.m */ = {isa = PBXFileReference; fileEncoding = 4; lastKnownFileType = sourcecode.c.objc; path = MockPersonReceiver.m; sourceTree = "<group>"; };
		3E8E2B689E4C81823C990893 /* AppDelegate.m */ = {isa = PBXFileReference; fileEncoding = 4; lastKnownFileType = sourcecode.c.objc; path = AppDelegate.m; sourceTree = "<group>"; };
		3E8E2B8B6A13DD93FE31AEF0 /* LunchProtocol.h */ = {isa = PBXFileReference; fileEncoding = 4; lastKnownFileType = sourcecode.c.h; path = LunchProtocol.h; sourceTree = "<group>"; };
		3E8E2BC98D748A2ADAB71CE7 /* LoginProviderFactoryTestHelper.m */ = {isa = PBXFileReference; fileEncoding = 4; lastKnownFileType = sourcecode.c.objc; path = LoginProviderFactoryTestHelper.m; sourceTree = "<group>"; };
		3E8E2BF3088C01303147FB91 /* DetailsTableViewControllerTest.m */ = {isa = PBXFileReference; fileEncoding = 4; lastKnownFileType = sourcecode.c.objc; path = DetailsTableViewControllerTest.m; sourceTree = "<group>"; };
		3E8E2BF736EF0F8E039222DE /* LunchRetrieverProtocol.h */ = {isa = PBXFileReference; fileEncoding = 4; lastKnownFileType = sourcecode.c.h; path = LunchRetrieverProtocol.h; sourceTree = "<group>"; };
		3E8E2C43E7162BD2C41BA162 /* LoginProviderFactoryTestHelper.h */ = {isa = PBXFileReference; fileEncoding = 4; lastKnownFileType = sourcecode.c.h; path = LoginProviderFactoryTestHelper.h; sourceTree = "<group>"; };
		3E8E2C5720D63312FB2118D4 /* ConnectionFactoryProtocol.h */ = {isa = PBXFileReference; fileEncoding = 4; lastKnownFileType = sourcecode.c.h; path = ConnectionFactoryProtocol.h; sourceTree = "<group>"; };
		3E8E2CDA576EC3389C6C7A49 /* LoginViewController.h */ = {isa = PBXFileReference; fileEncoding = 4; lastKnownFileType = sourcecode.c.h; path = LoginViewController.h; sourceTree = "<group>"; };
		3E8E2D58BEC4E9B4752BAECB /* DetailsTableViewController.m */ = {isa = PBXFileReference; fileEncoding = 4; lastKnownFileType = sourcecode.c.objc; path = DetailsTableViewController.m; sourceTree = "<group>"; };
		3E8E2D72B578026F3D575508 /* LunchRetriever.m */ = {isa = PBXFileReference; fileEncoding = 4; lastKnownFileType = sourcecode.c.objc; path = LunchRetriever.m; sourceTree = "<group>"; };
		3E8E2DB24E776D6CCA823C26 /* LoginProvider.h */ = {isa = PBXFileReference; fileEncoding = 4; lastKnownFileType = sourcecode.c.h; path = LoginProvider.h; sourceTree = "<group>"; };
		3E8E2DBB033874802C4CF707 /* LoginProvider.m */ = {isa = PBXFileReference; fileEncoding = 4; lastKnownFileType = sourcecode.c.objc; path = LoginProvider.m; sourceTree = "<group>"; };
		3E8E2DC0553BD411332F64CE /* MockViewController.m */ = {isa = PBXFileReference; fileEncoding = 4; lastKnownFileType = sourcecode.c.objc; path = MockViewController.m; sourceTree = "<group>"; };
		3E8E2DD89CFA03A2CE018D08 /* MockCommand.m */ = {isa = PBXFileReference; fileEncoding = 4; lastKnownFileType = sourcecode.c.objc; path = MockCommand.m; sourceTree = "<group>"; };
		3E8E2DF80DF05B7B237C8556 /* Person.m */ = {isa = PBXFileReference; fileEncoding = 4; lastKnownFileType = sourcecode.c.objc; path = Person.m; sourceTree = "<group>"; };
		3E8E2E4A623AEE408A6B03C3 /* MainViewController.m */ = {isa = PBXFileReference; fileEncoding = 4; lastKnownFileType = sourcecode.c.objc; path = MainViewController.m; sourceTree = "<group>"; };
		3E8E2ED869C8C74BE73E6378 /* LoginViewControllerTest.m */ = {isa = PBXFileReference; fileEncoding = 4; lastKnownFileType = sourcecode.c.objc; path = LoginViewControllerTest.m; sourceTree = "<group>"; };
		3E8E2F1F605AB82C161009CA /* SegueCommand.m */ = {isa = PBXFileReference; fileEncoding = 4; lastKnownFileType = sourcecode.c.objc; path = SegueCommand.m; sourceTree = "<group>"; };
		3E8E2F20A32A59EB7498EB1A /* LoginProviderFactoryTest.m */ = {isa = PBXFileReference; fileEncoding = 4; lastKnownFileType = sourcecode.c.objc; path = LoginProviderFactoryTest.m; sourceTree = "<group>"; };
		3E8E2F4EFF39648922573E53 /* PersonParserTest.m */ = {isa = PBXFileReference; fileEncoding = 4; lastKnownFileType = sourcecode.c.objc; path = PersonParserTest.m; sourceTree = "<group>"; };
		3E8E2F7CB6720C107D9A04E7 /* PersonProtocol.h */ = {isa = PBXFileReference; fileEncoding = 4; lastKnownFileType = sourcecode.c.h; path = PersonProtocol.h; sourceTree = "<group>"; };
		3E8E2F8966287F3D92248930 /* LunchProviderTest.m */ = {isa = PBXFileReference; fileEncoding = 4; lastKnownFileType = sourcecode.c.objc; path = LunchProviderTest.m; sourceTree = "<group>"; };
		3E8E2FB9BFA30E91FD35943D /* CommandDispatcherTestHelper.h */ = {isa = PBXFileReference; fileEncoding = 4; lastKnownFileType = sourcecode.c.h; path = CommandDispatcherTestHelper.h; sourceTree = "<group>"; };
		3E8E2FE43D5E32D55F12C175 /* CommandDispatcherProtocol.h */ = {isa = PBXFileReference; fileEncoding = 4; lastKnownFileType = sourcecode.c.h; path = CommandDispatcherProtocol.h; sourceTree = "<group>"; };
		3E8E2FED48E9552B87F5CA46 /* ConnectionFactory.m */ = {isa = PBXFileReference; fileEncoding = 4; lastKnownFileType = sourcecode.c.objc; path = ConnectionFactory.m; sourceTree = "<group>"; };
		6EC2087318EC8DCA006AE8D0 /* lunchLunch.app */ = {isa = PBXFileReference; explicitFileType = wrapper.application; includeInIndex = 0; path = lunchLunch.app; sourceTree = BUILT_PRODUCTS_DIR; };
		6EC2087618EC8DCA006AE8D0 /* Foundation.framework */ = {isa = PBXFileReference; lastKnownFileType = wrapper.framework; name = Foundation.framework; path = System/Library/Frameworks/Foundation.framework; sourceTree = SDKROOT; };
		6EC2087818EC8DCA006AE8D0 /* CoreGraphics.framework */ = {isa = PBXFileReference; lastKnownFileType = wrapper.framework; name = CoreGraphics.framework; path = System/Library/Frameworks/CoreGraphics.framework; sourceTree = SDKROOT; };
		6EC2087A18EC8DCA006AE8D0 /* UIKit.framework */ = {isa = PBXFileReference; lastKnownFileType = wrapper.framework; name = UIKit.framework; path = System/Library/Frameworks/UIKit.framework; sourceTree = SDKROOT; };
		6EC2088E18EC8DCA006AE8D0 /* lunchLunchTests.xctest */ = {isa = PBXFileReference; explicitFileType = wrapper.cfbundle; includeInIndex = 0; path = lunchLunchTests.xctest; sourceTree = BUILT_PRODUCTS_DIR; };
		6EC2088F18EC8DCA006AE8D0 /* XCTest.framework */ = {isa = PBXFileReference; lastKnownFileType = wrapper.framework; name = XCTest.framework; path = Library/Frameworks/XCTest.framework; sourceTree = DEVELOPER_DIR; };
		6EC2089718EC8DCA006AE8D0 /* lunchLunchTests-Info.plist */ = {isa = PBXFileReference; lastKnownFileType = text.plist.xml; path = "lunchLunchTests-Info.plist"; sourceTree = "<group>"; };
		6EC2089918EC8DCA006AE8D0 /* en */ = {isa = PBXFileReference; lastKnownFileType = text.plist.strings; name = en; path = en.lproj/InfoPlist.strings; sourceTree = "<group>"; };
/* End PBXFileReference section */

/* Begin PBXFrameworksBuildPhase section */
		6EC2087018EC8DCA006AE8D0 /* Frameworks */ = {
			isa = PBXFrameworksBuildPhase;
			buildActionMask = 2147483647;
			files = (
				6EC2087918EC8DCA006AE8D0 /* CoreGraphics.framework in Frameworks */,
				6EC2087B18EC8DCA006AE8D0 /* UIKit.framework in Frameworks */,
				6EC2087718EC8DCA006AE8D0 /* Foundation.framework in Frameworks */,
			);
			runOnlyForDeploymentPostprocessing = 0;
		};
		6EC2088B18EC8DCA006AE8D0 /* Frameworks */ = {
			isa = PBXFrameworksBuildPhase;
			buildActionMask = 2147483647;
			files = (
				6EC2089018EC8DCA006AE8D0 /* XCTest.framework in Frameworks */,
				6EC2089218EC8DCA006AE8D0 /* UIKit.framework in Frameworks */,
				6EC2089118EC8DCA006AE8D0 /* Foundation.framework in Frameworks */,
			);
			runOnlyForDeploymentPostprocessing = 0;
		};
/* End PBXFrameworksBuildPhase section */

/* Begin PBXGroup section */
		3E8E20C7BF62685086453B01 /* Person */ = {
			isa = PBXGroup;
			children = (
				3E8E244AE771D5E4DE3EFBC7 /* MockPersonParser.m */,
				3E8E2F4EFF39648922573E53 /* PersonParserTest.m */,
				3E8E28AFAC32A2C115EB4D0B /* MockPersonParser.h */,
				3E8E214C5873869B209F07A7 /* MockPersonReceiver.h */,
				3E8E278137CB4929C913518A /* LoginProviderTest.m */,
				3E8E2B5FCA69E8CFF16EBA8A /* MockPersonReceiver.m */,
				3E8E2F20A32A59EB7498EB1A /* LoginProviderFactoryTest.m */,
				3E8E2BC98D748A2ADAB71CE7 /* LoginProviderFactoryTestHelper.m */,
				3E8E2C43E7162BD2C41BA162 /* LoginProviderFactoryTestHelper.h */,
			);
			name = Person;
			sourceTree = "<group>";
		};
		3E8E2115575E7817E842BA7B /* Details */ = {
			isa = PBXGroup;
			children = (
				3E8E250563F8414B3C57641F /* DetailViewControllerTest.m */,
				3E8E2BF3088C01303147FB91 /* DetailsTableViewControllerTest.m */,
			);
			name = Details;
			sourceTree = "<group>";
		};
		3E8E21372C765D95F31C823A /* WebServiceCommunication */ = {
			isa = PBXGroup;
			children = (
				3E8E2C5720D63312FB2118D4 /* ConnectionFactoryProtocol.h */,
				3E8E2FED48E9552B87F5CA46 /* ConnectionFactory.m */,
				3E8E29FDC9BF9DFCDC2312DC /* ConnectionFactory.h */,
				3E8E258C72FFE3B0184BD716 /* Person */,
			);
			name = WebServiceCommunication;
			sourceTree = "<group>";
		};
		3E8E21782CBB638C540F73D1 /* Supporting Files */ = {
			isa = PBXGroup;
			children = (
				3E8E247AA07565DF08CBCDCE /* lunchLunch-Info.plist */,
				3E8E20D8702A8B20CF54307B /* InfoPlist.strings */,
				3E8E2643EFA8E5B1BB9FCC67 /* main.m */,
				3E8E204E33B8C29A89427C24 /* lunchLunch-Prefix.pch */,
			);
			name = "Supporting Files";
			sourceTree = "<group>";
		};
		3E8E223A05BCC5EE9054E3C8 /* Controller */ = {
			isa = PBXGroup;
			children = (
				3E8E24D591465E8F89A95A85 /* CommandDispatcherTest.m */,
				3E8E2DD89CFA03A2CE018D08 /* MockCommand.m */,
				3E8E27F9023D6F9D52C4AAE4 /* MockCommand.h */,
				3E8E27D673C049589AB1B953 /* SegueCommandTest.m */,
				3E8E2A469E706BD46BC57EBA /* CommandDispatcherTestHelper.m */,
				3E8E2FB9BFA30E91FD35943D /* CommandDispatcherTestHelper.h */,
			);
			path = Controller;
			sourceTree = "<group>";
		};
		3E8E231546FEB8C31614BAF1 /* Login */ = {
			isa = PBXGroup;
			children = (
				3E8E20B3B5C68DDD476E554E /* LoginViewController.m */,
				3E8E2CDA576EC3389C6C7A49 /* LoginViewController.h */,
			);
			name = Login;
			sourceTree = "<group>";
		};
		3E8E257B6F18DCDE6E9265E8 /* lunchLunch */ = {
			isa = PBXGroup;
			children = (
				3E8E2C2B05FB9BF585AA2AFF /* Controller */,
				3E8E2983B5EF1D1D0721C85C /* AppDelegate.h */,
				3E8E2B689E4C81823C990893 /* AppDelegate.m */,
				3E8E231B14950F8E1308D985 /* Images.xcassets */,
				3E8E21782CBB638C540F73D1 /* Supporting Files */,
				3E8E2A01A75AC44CCA6882D6 /* Model */,
				3E8E26308B22098E3BCFAC57 /* View */,
			);
			path = lunchLunch;
			sourceTree = "<group>";
		};
		3E8E258C72FFE3B0184BD716 /* Person */ = {
			isa = PBXGroup;
			children = (
				3E8E2DB24E776D6CCA823C26 /* LoginProvider.h */,
				3E8E2A9B1B843F57D432A616 /* PersonReceiverProtocol.h */,
				3E8E2DBB033874802C4CF707 /* LoginProvider.m */,
				3E8E276E2DC6B24FAB578E64 /* PersonParserProtocol.h */,
				3E8E2748909A06C3B402A732 /* PersonParser.m */,
				3E8E29D13B7A8C19000B1C7B /* PersonParser.h */,
				3E8E2A20FC35E78F2774242F /* LoginProviderProtocol.h */,
				3E8E238E88F696696D104B83 /* LoginProviderFactory.m */,
				3E8E26D75187B2088A9642EB /* LoginProviderFactory.h */,
			);
			name = Person;
			sourceTree = "<group>";
		};
		3E8E26308B22098E3BCFAC57 /* View */ = {
			isa = PBXGroup;
			children = (
				3E8E2A9765FC6EE0287CD4E0 /* MainStoryBoard.storyboard */,
				3E8E231546FEB8C31614BAF1 /* Login */,
				3E8E26A534A2308895A124E4 /* Main */,
				3E8E2F157B6565B7E052DBC3 /* Details */,
			);
			name = View;
			sourceTree = "<group>";
		};
		3E8E26992C00A7A0E0E2BACC /* Lunch */ = {
			isa = PBXGroup;
			children = (
				3E8E244ED1CD15C41A555AD9 /* LunchTest.m */,
				3E8E293F444A3199606FC055 /* LunchRetrieverTest.m */,
				3E8E2F8966287F3D92248930 /* LunchProviderTest.m */,
				3E8E224D2E9577EC929C8AF5 /* LunchProviderTestHelper.m */,
				3E8E23A120D91A482D2319F9 /* LunchProviderTestHelper.h */,
				3E8E22BF126EE3C9DC460037 /* MockLunchRetriever.m */,
				3E8E2449E797E1F88D40872A /* MockLunchRetriever.h */,
			);
			name = Lunch;
			sourceTree = "<group>";
		};
		3E8E26A534A2308895A124E4 /* Main */ = {
			isa = PBXGroup;
			children = (
				3E8E2B128297A23A31883D4B /* MainViewController.h */,
				3E8E2E4A623AEE408A6B03C3 /* MainViewController.m */,
			);
			name = Main;
			sourceTree = "<group>";
		};
		3E8E28C1F1BF0E946C573272 /* Person */ = {
			isa = PBXGroup;
			children = (
				3E8E29B9E4FB351A62D94D18 /* NullPersonTest.m */,
				3E8E221E03D3E5872AD2058F /* PersonTest.m */,
			);
			name = Person;
			sourceTree = "<group>";
		};
		3E8E28C80241804C206AD05E /* Lunch */ = {
			isa = PBXGroup;
			children = (
				3E8E2B8B6A13DD93FE31AEF0 /* LunchProtocol.h */,
				3E8E2229D50D684C40BC9CE7 /* Lunch.m */,
				3E8E2B00C13E0B47C6112F59 /* Lunch.h */,
				3E8E2BF736EF0F8E039222DE /* LunchRetrieverProtocol.h */,
				3E8E2D72B578026F3D575508 /* LunchRetriever.m */,
				3E8E29B6AFB845218EF5F636 /* LunchRetriever.h */,
				3E8E22EE9BA9BC7ED2ECBD18 /* LunchProvider.m */,
				3E8E220BDA700BF4B8BCB4A7 /* LunchProvider.h */,
			);
			name = Lunch;
			sourceTree = "<group>";
		};
		3E8E2A01A75AC44CCA6882D6 /* Model */ = {
			isa = PBXGroup;
			children = (
				3E8E2FC13902BE079F076CF1 /* Person */,
				3E8E28C80241804C206AD05E /* Lunch */,
				3E8E21372C765D95F31C823A /* WebServiceCommunication */,
			);
			name = Model;
			sourceTree = "<group>";
		};
		3E8E2C2B05FB9BF585AA2AFF /* Controller */ = {
			isa = PBXGroup;
			children = (
				3E8E29B8830653F1959C8E86 /* Command.h */,
				3E8E2FE43D5E32D55F12C175 /* CommandDispatcherProtocol.h */,
				3E8E28ADFB1BEC341E8FD727 /* CommandDispatcher.m */,
				3E8E22B7B02B3A2B34DF2015 /* CommandDispatcher.h */,
				3E8E2F1F605AB82C161009CA /* SegueCommand.m */,
				3E8E2091EA8D30E0B9C056F3 /* SegueCommand.h */,
			);
			name = Controller;
			sourceTree = "<group>";
		};
		3E8E2DD9814391D04715B898 /* WebServiceCommunication */ = {
			isa = PBXGroup;
			children = (
				3E8E2B5DAFF99B8B3DA7B674 /* ConnectionFactoryTest.m */,
				3E8E21E653C688EF6186DA7B /* MockNSURLConnectionDelegate.m */,
				3E8E2729C2D40F6BC90989EF /* MockNSURLConnectionDelegate.h */,
				3E8E28E2206FFDE5B7F9F5AA /* MockConnectionFactory.m */,
				3E8E21A56A255F634943CB97 /* MockConnectionFactory.h */,
				3E8E20C7BF62685086453B01 /* Person */,
			);
			name = WebServiceCommunication;
			sourceTree = "<group>";
		};
		3E8E2DF23C1FC9183DFE995B /* Login */ = {
			isa = PBXGroup;
			children = (
				3E8E2ED869C8C74BE73E6378 /* LoginViewControllerTest.m */,
			);
			name = Login;
			sourceTree = "<group>";
		};
		3E8E2F157B6565B7E052DBC3 /* Details */ = {
			isa = PBXGroup;
			children = (
				3E8E21FB3D74984FF6FCE9DC /* DetailViewController.h */,
				3E8E257B361FA961D89184FF /* DetailViewController.m */,
				3E8E2D58BEC4E9B4752BAECB /* DetailsTableViewController.m */,
				3E8E246316B888976EC14612 /* DetailsTableViewController.h */,
			);
			name = Details;
			sourceTree = "<group>";
		};
		3E8E2FC13902BE079F076CF1 /* Person */ = {
			isa = PBXGroup;
			children = (
				3E8E2F7CB6720C107D9A04E7 /* PersonProtocol.h */,
				3E8E2DF80DF05B7B237C8556 /* Person.m */,
				3E8E23380364DA32321D2DE2 /* NullPerson.h */,
				3E8E219619F52A2612AD9F87 /* NullPerson.m */,
				3E8E29712CECFE8FA49870FB /* Person.h */,
			);
			name = Person;
			sourceTree = "<group>";
		};
		3E8E2FF5F5A815B5A4054907 /* Main */ = {
			isa = PBXGroup;
			children = (
				3E8E2AFE2CF2B37C8C99A202 /* MainViewControllerTest.m */,
			);
			name = Main;
			sourceTree = "<group>";
		};
		6EC2086A18EC8DCA006AE8D0 = {
			isa = PBXGroup;
			children = (
				6EC2089518EC8DCA006AE8D0 /* lunchLunchTests */,
				6EC2087518EC8DCA006AE8D0 /* Frameworks */,
				6EC2087418EC8DCA006AE8D0 /* Products */,
				3E8E257B6F18DCDE6E9265E8 /* lunchLunch */,
			);
			sourceTree = "<group>";
		};
		6EC2087418EC8DCA006AE8D0 /* Products */ = {
			isa = PBXGroup;
			children = (
				6EC2087318EC8DCA006AE8D0 /* lunchLunch.app */,
				6EC2088E18EC8DCA006AE8D0 /* lunchLunchTests.xctest */,
			);
			name = Products;
			sourceTree = "<group>";
		};
		6EC2087518EC8DCA006AE8D0 /* Frameworks */ = {
			isa = PBXGroup;
			children = (
				6EC2087618EC8DCA006AE8D0 /* Foundation.framework */,
				6EC2087818EC8DCA006AE8D0 /* CoreGraphics.framework */,
				6EC2087A18EC8DCA006AE8D0 /* UIKit.framework */,
				6EC2088F18EC8DCA006AE8D0 /* XCTest.framework */,
			);
			name = Frameworks;
			sourceTree = "<group>";
		};
		6EC2089518EC8DCA006AE8D0 /* lunchLunchTests */ = {
			isa = PBXGroup;
			children = (
				6EC208AE18EC8E86006AE8D0 /* View */,
				6EC208AA18EC8DF7006AE8D0 /* Model */,
				6EC2089618EC8DCA006AE8D0 /* Supporting Files */,
				3E8E223A05BCC5EE9054E3C8 /* Controller */,
				3E8E24126DA005013B1A9513 /* SwizzleHelper.m */,
				3E8E263BFA809A032792D3A7 /* SwizzleHelper.h */,
				3E8E269EC2F3765776C2ABB8 /* MockLoginProvider.m */,
				3E8E261EDC50BB533A65B0F3 /* MockLoginProvider.h */,
			);
			path = lunchLunchTests;
			sourceTree = "<group>";
		};
		6EC2089618EC8DCA006AE8D0 /* Supporting Files */ = {
			isa = PBXGroup;
			children = (
				6EC2089718EC8DCA006AE8D0 /* lunchLunchTests-Info.plist */,
				6EC2089818EC8DCA006AE8D0 /* InfoPlist.strings */,
			);
			name = "Supporting Files";
			sourceTree = "<group>";
		};
		6EC208AA18EC8DF7006AE8D0 /* Model */ = {
			isa = PBXGroup;
			children = (
				3E8E28C1F1BF0E946C573272 /* Person */,
				3E8E26992C00A7A0E0E2BACC /* Lunch */,
				3E8E2DD9814391D04715B898 /* WebServiceCommunication */,
			);
			name = Model;
			sourceTree = "<group>";
		};
		6EC208AE18EC8E86006AE8D0 /* View */ = {
			isa = PBXGroup;
			children = (
				3E8E244797E4B93F5D1E8359 /* MockUITextField.m */,
				3E8E263A2477095E74ED33D7 /* MockUITextField.h */,
				3E8E2400BE2ECB069402E436 /* MockView.m */,
				3E8E2086357D7CE5DB3171F0 /* MockView.h */,
				3E8E2DC0553BD411332F64CE /* MockViewController.m */,
				3E8E29B29B690BAC2BFF83A7 /* MockViewController.h */,
				3E8E247D2B6653D670634924 /* MockUITableView.m */,
				3E8E20889179670D1293B463 /* MockUITableView.h */,
				3E8E2DF23C1FC9183DFE995B /* Login */,
				3E8E2115575E7817E842BA7B /* Details */,
				3E8E2FF5F5A815B5A4054907 /* Main */,
			);
			name = View;
			sourceTree = "<group>";
		};
/* End PBXGroup section */

/* Begin PBXNativeTarget section */
		6EC2087218EC8DCA006AE8D0 /* lunchLunch */ = {
			isa = PBXNativeTarget;
			buildConfigurationList = 6EC2089F18EC8DCA006AE8D0 /* Build configuration list for PBXNativeTarget "lunchLunch" */;
			buildPhases = (
				6EC2086F18EC8DCA006AE8D0 /* Sources */,
				6EC2087018EC8DCA006AE8D0 /* Frameworks */,
				6EC2087118EC8DCA006AE8D0 /* Resources */,
			);
			buildRules = (
			);
			dependencies = (
			);
			name = lunchLunch;
			productName = lunchLunch;
			productReference = 6EC2087318EC8DCA006AE8D0 /* lunchLunch.app */;
			productType = "com.apple.product-type.application";
		};
		6EC2088D18EC8DCA006AE8D0 /* lunchLunchTests */ = {
			isa = PBXNativeTarget;
			buildConfigurationList = 6EC208A218EC8DCA006AE8D0 /* Build configuration list for PBXNativeTarget "lunchLunchTests" */;
			buildPhases = (
				6EC2088A18EC8DCA006AE8D0 /* Sources */,
				6EC2088B18EC8DCA006AE8D0 /* Frameworks */,
				6EC2088C18EC8DCA006AE8D0 /* Resources */,
			);
			buildRules = (
			);
			dependencies = (
				6EC2089418EC8DCA006AE8D0 /* PBXTargetDependency */,
			);
			name = lunchLunchTests;
			productName = lunchLunchTests;
			productReference = 6EC2088E18EC8DCA006AE8D0 /* lunchLunchTests.xctest */;
			productType = "com.apple.product-type.bundle.unit-test";
		};
/* End PBXNativeTarget section */

/* Begin PBXProject section */
		6EC2086B18EC8DCA006AE8D0 /* Project object */ = {
			isa = PBXProject;
			attributes = {
				LastUpgradeCheck = 0510;
				ORGANIZATIONNAME = "Cyrus Innovation";
				TargetAttributes = {
					6EC2088D18EC8DCA006AE8D0 = {
						TestTargetID = 6EC2087218EC8DCA006AE8D0;
					};
				};
			};
			buildConfigurationList = 6EC2086E18EC8DCA006AE8D0 /* Build configuration list for PBXProject "lunchLunch" */;
			compatibilityVersion = "Xcode 3.2";
			developmentRegion = English;
			hasScannedForEncodings = 0;
			knownRegions = (
				en,
			);
			mainGroup = 6EC2086A18EC8DCA006AE8D0;
			productRefGroup = 6EC2087418EC8DCA006AE8D0 /* Products */;
			projectDirPath = "";
			projectRoot = "";
			targets = (
				6EC2087218EC8DCA006AE8D0 /* lunchLunch */,
				6EC2088D18EC8DCA006AE8D0 /* lunchLunchTests */,
			);
		};
/* End PBXProject section */

/* Begin PBXResourcesBuildPhase section */
		6EC2087118EC8DCA006AE8D0 /* Resources */ = {
			isa = PBXResourcesBuildPhase;
			buildActionMask = 2147483647;
			files = (
				3E8E299FC071B5AA6C528B7B /* Images.xcassets in Resources */,
				3E8E2A0E2D5CF5ED43911793 /* InfoPlist.strings in Resources */,
				3E8E28D8B62ED575E2BF8536 /* MainStoryBoard.storyboard in Resources */,
			);
			runOnlyForDeploymentPostprocessing = 0;
		};
		6EC2088C18EC8DCA006AE8D0 /* Resources */ = {
			isa = PBXResourcesBuildPhase;
			buildActionMask = 2147483647;
			files = (
				6EC2089A18EC8DCA006AE8D0 /* InfoPlist.strings in Resources */,
			);
			runOnlyForDeploymentPostprocessing = 0;
		};
/* End PBXResourcesBuildPhase section */

/* Begin PBXSourcesBuildPhase section */
		6EC2086F18EC8DCA006AE8D0 /* Sources */ = {
			isa = PBXSourcesBuildPhase;
			buildActionMask = 2147483647;
			files = (
				3E8E286FDDAC11AC4EFE9D9D /* CommandDispatcher.m in Sources */,
				3E8E2B2E5FE20798C1BB91CF /* SegueCommand.m in Sources */,
				3E8E2C2B8FAA8DBA6CB96DB2 /* AppDelegate.m in Sources */,
				3E8E28B8EF7D9AA42B34C2D8 /* main.m in Sources */,
				3E8E22C84AFC6CC9FD63A27F /* Person.m in Sources */,
				3E8E241BEC2F8F1A39E3B81D /* NullPerson.m in Sources */,
				3E8E2E996FE6CED461919661 /* Lunch.m in Sources */,
				3E8E2B90F6D8332B7F03D66F /* LunchRetriever.m in Sources */,
				3E8E251BEF8270BC32398C25 /* LunchProvider.m in Sources */,
				3E8E246B72CD21EC011195A0 /* LoginViewController.m in Sources */,
				3E8E2471F3ACDBF98AB0266B /* MainViewController.m in Sources */,
				3E8E2154CF059B455A55E241 /* DetailViewController.m in Sources */,
				3E8E2DB8DB191CF54C7854B4 /* DetailsTableViewController.m in Sources */,
				3E8E2006A8818CEFA54CC768 /* ConnectionFactory.m in Sources */,
				3E8E2137B90E20D102CA0687 /* LoginProvider.m in Sources */,
				3E8E2BA6F9B3EC6354FC1D5B /* PersonParser.m in Sources */,
				3E8E26CDA2FCDE8A6F6D26FE /* LoginProviderFactory.m in Sources */,
			);
			runOnlyForDeploymentPostprocessing = 0;
		};
		6EC2088A18EC8DCA006AE8D0 /* Sources */ = {
			isa = PBXSourcesBuildPhase;
			buildActionMask = 2147483647;
			files = (
				3E8E23AA7897B56087C35255 /* CommandDispatcherTest.m in Sources */,
				3E8E246A10FB5515C6F4E14E /* MockCommand.m in Sources */,
				3E8E24BD00350EC3EAB7B4DB /* SwizzleHelper.m in Sources */,
				3E8E253C20B3F28946335AE7 /* MockUITextField.m in Sources */,
				3E8E2F455DE1FC2F31F9A4FE /* MockView.m in Sources */,
				3E8E2CCB36339CE7B3DF9C12 /* SegueCommandTest.m in Sources */,
				3E8E22F16AD4BE522B24EFE2 /* MockViewController.m in Sources */,
				3E8E2F2DBDADA1EC63C8B7CC /* CommandDispatcherTestHelper.m in Sources */,
				3E8E21F57B145933D3FB034D /* NullPersonTest.m in Sources */,
				3E8E23974611684FAF6566CA /* PersonTest.m in Sources */,
				3E8E2C0352CC8BBB3C5F51D3 /* LunchTest.m in Sources */,
				3E8E24556003745FFD2A5653 /* LunchRetrieverTest.m in Sources */,
				3E8E2E528EA29BA1DEB685A7 /* LunchProviderTest.m in Sources */,
				3E8E2F6859299E54DC685DA1 /* LunchProviderTestHelper.m in Sources */,
				3E8E2A663E5073B3B64DA3AB /* MockUITableView.m in Sources */,
				3E8E2216E205D30FD950498C /* MainViewControllerTest.m in Sources */,
				3E8E2EE841F4E08A2587D57A /* LoginViewControllerTest.m in Sources */,
				3E8E2A39D6B8C008066DDC83 /* DetailViewControllerTest.m in Sources */,
				3E8E2B36BAD72A4068C3AD59 /* DetailsTableViewControllerTest.m in Sources */,
				3E8E2F4217870B872BEE0331 /* ConnectionFactoryTest.m in Sources */,
				3E8E2619A28DEDFA729E5C87 /* MockNSURLConnectionDelegate.m in Sources */,
				3E8E2553B5BD0C57D12F1A3F /* MockConnectionFactory.m in Sources */,
				3E8E20BC94A1E577BA67DC92 /* MockLunchRetriever.m in Sources */,
				3E8E253F57F23388DCE4A94A /* MockPersonParser.m in Sources */,
				3E8E2276E63E504E73EA9C69 /* PersonParserTest.m in Sources */,
				3E8E2637820D8C240B936E83 /* LoginProviderTest.m in Sources */,
				3E8E23B9F1AA56CBA7BB90C9 /* MockPersonReceiver.m in Sources */,
				3E8E2BA08D3651BB23689CE1 /* LoginProviderFactoryTest.m in Sources */,
				3E8E2C5E8B68F2DA9A96CB25 /* LoginProviderFactoryTestHelper.m in Sources */,
				3E8E29A1A6E3AB41D5697496 /* MockLoginProvider.m in Sources */,
			);
			runOnlyForDeploymentPostprocessing = 0;
		};
/* End PBXSourcesBuildPhase section */

/* Begin PBXTargetDependency section */
		6EC2089418EC8DCA006AE8D0 /* PBXTargetDependency */ = {
			isa = PBXTargetDependency;
			target = 6EC2087218EC8DCA006AE8D0 /* lunchLunch */;
			targetProxy = 6EC2089318EC8DCA006AE8D0 /* PBXContainerItemProxy */;
		};
/* End PBXTargetDependency section */

/* Begin PBXVariantGroup section */
		3E8E20D8702A8B20CF54307B /* InfoPlist.strings */ = {
			isa = PBXVariantGroup;
			children = (
				3E8E295BEE86FDB7B86828B2 /* en */,
			);
			name = InfoPlist.strings;
			sourceTree = "<group>";
		};
		3E8E2A9765FC6EE0287CD4E0 /* MainStoryBoard.storyboard */ = {
			isa = PBXVariantGroup;
			children = (
				3E8E2A43DB6D7BC9086DAC71 /* en */,
			);
			name = MainStoryBoard.storyboard;
			sourceTree = "<group>";
		};
		6EC2089818EC8DCA006AE8D0 /* InfoPlist.strings */ = {
			isa = PBXVariantGroup;
			children = (
				6EC2089918EC8DCA006AE8D0 /* en */,
			);
			name = InfoPlist.strings;
			sourceTree = "<group>";
		};
/* End PBXVariantGroup section */

/* Begin XCBuildConfiguration section */
		6EC2089D18EC8DCA006AE8D0 /* Debug */ = {
			isa = XCBuildConfiguration;
			buildSettings = {
				ALWAYS_SEARCH_USER_PATHS = NO;
				CLANG_CXX_LANGUAGE_STANDARD = "gnu++0x";
				CLANG_CXX_LIBRARY = "libc++";
				CLANG_ENABLE_MODULES = YES;
				CLANG_ENABLE_OBJC_ARC = YES;
				CLANG_WARN_BOOL_CONVERSION = YES;
				CLANG_WARN_CONSTANT_CONVERSION = YES;
				CLANG_WARN_DIRECT_OBJC_ISA_USAGE = YES_ERROR;
				CLANG_WARN_EMPTY_BODY = YES;
				CLANG_WARN_ENUM_CONVERSION = YES;
				CLANG_WARN_INT_CONVERSION = YES;
				CLANG_WARN_OBJC_ROOT_CLASS = YES_ERROR;
				CLANG_WARN__DUPLICATE_METHOD_MATCH = YES;
				"CODE_SIGN_IDENTITY[sdk=iphoneos*]" = "iPhone Developer";
				COPY_PHASE_STRIP = NO;
				GCC_C_LANGUAGE_STANDARD = gnu99;
				GCC_DYNAMIC_NO_PIC = NO;
				GCC_OPTIMIZATION_LEVEL = 0;
				GCC_PREPROCESSOR_DEFINITIONS = (
					"DEBUG=1",
					"$(inherited)",
				);
				GCC_SYMBOLS_PRIVATE_EXTERN = NO;
				GCC_WARN_64_TO_32_BIT_CONVERSION = YES;
				GCC_WARN_ABOUT_RETURN_TYPE = YES_ERROR;
				GCC_WARN_UNDECLARED_SELECTOR = YES;
				GCC_WARN_UNINITIALIZED_AUTOS = YES_AGGRESSIVE;
				GCC_WARN_UNUSED_FUNCTION = YES;
				GCC_WARN_UNUSED_VARIABLE = YES;
				IPHONEOS_DEPLOYMENT_TARGET = 7.1;
				ONLY_ACTIVE_ARCH = YES;
				SDKROOT = iphoneos;
				TARGETED_DEVICE_FAMILY = "1,2";
			};
			name = Debug;
		};
		6EC2089E18EC8DCA006AE8D0 /* Release */ = {
			isa = XCBuildConfiguration;
			buildSettings = {
				ALWAYS_SEARCH_USER_PATHS = NO;
				CLANG_CXX_LANGUAGE_STANDARD = "gnu++0x";
				CLANG_CXX_LIBRARY = "libc++";
				CLANG_ENABLE_MODULES = YES;
				CLANG_ENABLE_OBJC_ARC = YES;
				CLANG_WARN_BOOL_CONVERSION = YES;
				CLANG_WARN_CONSTANT_CONVERSION = YES;
				CLANG_WARN_DIRECT_OBJC_ISA_USAGE = YES_ERROR;
				CLANG_WARN_EMPTY_BODY = YES;
				CLANG_WARN_ENUM_CONVERSION = YES;
				CLANG_WARN_INT_CONVERSION = YES;
				CLANG_WARN_OBJC_ROOT_CLASS = YES_ERROR;
				CLANG_WARN__DUPLICATE_METHOD_MATCH = YES;
				"CODE_SIGN_IDENTITY[sdk=iphoneos*]" = "iPhone Developer";
				COPY_PHASE_STRIP = YES;
				ENABLE_NS_ASSERTIONS = NO;
				GCC_C_LANGUAGE_STANDARD = gnu99;
				GCC_WARN_64_TO_32_BIT_CONVERSION = YES;
				GCC_WARN_ABOUT_RETURN_TYPE = YES_ERROR;
				GCC_WARN_UNDECLARED_SELECTOR = YES;
				GCC_WARN_UNINITIALIZED_AUTOS = YES_AGGRESSIVE;
				GCC_WARN_UNUSED_FUNCTION = YES;
				GCC_WARN_UNUSED_VARIABLE = YES;
				IPHONEOS_DEPLOYMENT_TARGET = 7.1;
				SDKROOT = iphoneos;
				TARGETED_DEVICE_FAMILY = "1,2";
				VALIDATE_PRODUCT = YES;
			};
			name = Release;
		};
		6EC208A018EC8DCA006AE8D0 /* Debug */ = {
			isa = XCBuildConfiguration;
			buildSettings = {
				ASSETCATALOG_COMPILER_APPICON_NAME = AppIcon;
				ASSETCATALOG_COMPILER_LAUNCHIMAGE_NAME = LaunchImage;
				CODE_SIGN_IDENTITY = "iPhone Developer";
				GCC_PRECOMPILE_PREFIX_HEADER = YES;
				GCC_PREFIX_HEADER = "lunchLunch/lunchLunch-Prefix.pch";
				INFOPLIST_FILE = "lunchLunch/lunchLunch-Info.plist";
				PRODUCT_NAME = "$(TARGET_NAME)";
				WRAPPER_EXTENSION = app;
			};
			name = Debug;
		};
		6EC208A118EC8DCA006AE8D0 /* Release */ = {
			isa = XCBuildConfiguration;
			buildSettings = {
				ASSETCATALOG_COMPILER_APPICON_NAME = AppIcon;
				ASSETCATALOG_COMPILER_LAUNCHIMAGE_NAME = LaunchImage;
				CODE_SIGN_IDENTITY = "iPhone Developer";
				GCC_PRECOMPILE_PREFIX_HEADER = YES;
				GCC_PREFIX_HEADER = "lunchLunch/lunchLunch-Prefix.pch";
				INFOPLIST_FILE = "lunchLunch/lunchLunch-Info.plist";
				PRODUCT_NAME = "$(TARGET_NAME)";
				WRAPPER_EXTENSION = app;
			};
			name = Release;
		};
		6EC208A318EC8DCA006AE8D0 /* Debug */ = {
			isa = XCBuildConfiguration;
			buildSettings = {
				BUNDLE_LOADER = "$(BUILT_PRODUCTS_DIR)/lunchLunch.app/lunchLunch";
				FRAMEWORK_SEARCH_PATHS = (
					"$(SDKROOT)/Developer/Library/Frameworks",
					"$(inherited)",
					"$(DEVELOPER_FRAMEWORKS_DIR)",
				);
				GCC_PRECOMPILE_PREFIX_HEADER = YES;
				GCC_PREFIX_HEADER = "lunchLunch/lunchLunch-Prefix.pch";
				GCC_PREPROCESSOR_DEFINITIONS = (
					"DEBUG=1",
					"$(inherited)",
				);
				INFOPLIST_FILE = "lunchLunchTests/lunchLunchTests-Info.plist";
				PRODUCT_NAME = "$(TARGET_NAME)";
				TEST_HOST = "$(BUNDLE_LOADER)";
				WRAPPER_EXTENSION = xctest;
			};
			name = Debug;
		};
		6EC208A418EC8DCA006AE8D0 /* Release */ = {
			isa = XCBuildConfiguration;
			buildSettings = {
				BUNDLE_LOADER = "$(BUILT_PRODUCTS_DIR)/lunchLunch.app/lunchLunch";
				FRAMEWORK_SEARCH_PATHS = (
					"$(SDKROOT)/Developer/Library/Frameworks",
					"$(inherited)",
					"$(DEVELOPER_FRAMEWORKS_DIR)",
				);
				GCC_PRECOMPILE_PREFIX_HEADER = YES;
				GCC_PREFIX_HEADER = "lunchLunch/lunchLunch-Prefix.pch";
				INFOPLIST_FILE = "lunchLunchTests/lunchLunchTests-Info.plist";
				PRODUCT_NAME = "$(TARGET_NAME)";
				TEST_HOST = "$(BUNDLE_LOADER)";
				WRAPPER_EXTENSION = xctest;
			};
			name = Release;
		};
/* End XCBuildConfiguration section */

/* Begin XCConfigurationList section */
		6EC2086E18EC8DCA006AE8D0 /* Build configuration list for PBXProject "lunchLunch" */ = {
			isa = XCConfigurationList;
			buildConfigurations = (
				6EC2089D18EC8DCA006AE8D0 /* Debug */,
				6EC2089E18EC8DCA006AE8D0 /* Release */,
			);
			defaultConfigurationIsVisible = 0;
			defaultConfigurationName = Release;
		};
		6EC2089F18EC8DCA006AE8D0 /* Build configuration list for PBXNativeTarget "lunchLunch" */ = {
			isa = XCConfigurationList;
			buildConfigurations = (
				6EC208A018EC8DCA006AE8D0 /* Debug */,
				6EC208A118EC8DCA006AE8D0 /* Release */,
			);
			defaultConfigurationIsVisible = 0;
			defaultConfigurationName = Release;
		};
		6EC208A218EC8DCA006AE8D0 /* Build configuration list for PBXNativeTarget "lunchLunchTests" */ = {
			isa = XCConfigurationList;
			buildConfigurations = (
				6EC208A318EC8DCA006AE8D0 /* Debug */,
				6EC208A418EC8DCA006AE8D0 /* Release */,
			);
			defaultConfigurationIsVisible = 0;
			defaultConfigurationName = Release;
		};
/* End XCConfigurationList section */
	};
	rootObject = 6EC2086B18EC8DCA006AE8D0 /* Project object */;
}
